github.com/go-chi/chi/v5 v5.2.5 h1:Eg4myHZBjyvJmAFjFvWgrqDTXFyOzjj7YIm3L3mu6Ug=
github.com/go-chi/chi/v5 v5.2.5/go.mod h1:X7Gx4mteadT3eDOMTsXzmI4/rwUpOwBHLpAfupzFJP0=
github.com/go-chi/httplog/v3 v3.3.0 h1:Gr6Y7nSzbpyCyRwKPOVKjDH3BH6TH5uvRNDsTZWDpvU=
github.com/go-chi/httplog/v3 v3.3.0/go.mod h1:N/J1l5l1fozUrqIVuT8Z/HzNeSy8TF2EFyokPLe6y2w=
github.com/go-chi/traceid v0.3.0 h1:BYITxMnIeQasU7/U7+InZWANWxVZeCUBGTAqWleQOeg=
github.com/go-chi/traceid v0.3.0/go.mod h1:XFfEEYZjqgML4ySh+wYBU29eqJkc2um7oEzgIc63e74=
github.com/golang-cz/devslog v0.0.15 h1:ejoBLTCwJHWGbAmDf2fyTJJQO3AkzcPjw8SC9LaOQMI=
github.com/golang-cz/devslog v0.0.15/go.mod h1:bSe5bm0A7Nyfqtijf1OMNgVJHlWEuVSXnkuASiE1vV8=
github.com/google/uuid v1.6.0 h1:NIvaJDMOsjHA8n1jAhLSgzrAzy1Hgr+hNrb57e+94F0=
github.com/google/uuid v1.6.0/go.mod h1:TIyPZe4MgqvfeYDBFedMoGGpEw/LqOeaOT+nhxU+yHo=
github.com/joho/godotenv v1.5.1 h1:7eLL/+HRGLY0ldzfGMeQkb7vMd0as4CfYvUVzLqw0N0=
github.com/joho/godotenv v1.5.1/go.mod h1:f4LDr5Voq0i2e/R5DDNOoa2zzDfwtkZa6DnEwAbqwq4=
github.com/mattn/go-sqlite3 v1.14.34 h1:3NtcvcUnFBPsuRcno8pUtupspG/GM+9nZ88zgJcp6Zk=
github.com/mattn/go-sqlite3 v1.14.34/go.mod h1:Uh1q+B4BYcTPb+yiD3kU8Ct7aC0hY9fxUwlHK0RXw+Y=
